
Microsoft Visual Studio Solution File, Format Version 12.00
# Visual Studio Version 16
VisualStudioVersion = 16.0.30413.136
MinimumVisualStudioVersion = 10.0.40219.1
Project("{FAE04EC0-301F-11D3-BF4B-00C04F79EFBC}") = "XiangJiang.Infrastructure.Windows.Service", "XiangJiang.Infrastructure.Windows.Service\XiangJiang.Infrastructure.Windows.Service.csproj", "{572B5B7A-A117-479E-B989-466ED6E67584}"
EndProject
Global
	GlobalSection(SolutionConfigurationPlatforms) = preSolution
		Debug|Any CPU = Debug|Any CPU
		Release|Any CPU = Release|Any CPU
	EndGlobalSection
	GlobalSection(ProjectConfigurationPlatforms) = postSolution
		{572B5B7A-A117-479E-B989-466ED6E67584}.Debug|Any CPU.ActiveCfg = Debug|Any CPU
		{572B5B7A-A117-479E-B989-466ED6E67584}.Debug|Any CPU.Build.0 = Debug|Any CPU
		{572B5B7A-A117-479E-B989-466ED6E67584}.Release|Any CPU.ActiveCfg = Release|Any CPU
		{572B5B7A-A117-479E-B989-466ED6E67584}.Release|Any CPU.Build.0 = Release|Any CPU
	EndGlobalSection
	GlobalSection(SolutionProperties) = preSolution
		HideSolutionNode = FALSE
	EndGlobalSection
	GlobalSection(ExtensibilityGlobals) = postSolution
		SolutionGuid = {F6E4AB56-8AED-497C-A3C1-5068D932E05F}
	EndGlobalSection
EndGlobal
